// !$*UTF8*$!
{
	archiveVersion = 1;
	classes = {
	};
	objectVersion = 56;
	objects = {

/* Begin PBXBuildFile section */
		C1FD05F829A758E400A6545C /* appApp.swift in Sources */ = {isa = PBXBuildFile; fileRef = C1FD05F729A758E400A6545C /* appApp.swift */; };
		C1FD05FA29A758E400A6545C /* ContentView.swift in Sources */ = {isa = PBXBuildFile; fileRef = C1FD05F929A758E400A6545C /* ContentView.swift */; };
		C1FD05FC29A758EB00A6545C /* Assets.xcassets in Resources */ = {isa = PBXBuildFile; fileRef = C1FD05FB29A758EB00A6545C /* Assets.xcassets */; };
		C1FD05FF29A758EB00A6545C /* Preview Assets.xcassets in Resources */ = {isa = PBXBuildFile; fileRef = C1FD05FE29A758EB00A6545C /* Preview Assets.xcassets */; };
		C1FD060929A758EB00A6545C /* appTests.swift in Sources */ = {isa = PBXBuildFile; fileRef = C1FD060829A758EB00A6545C /* appTests.swift */; };
		C1FD061329A758EC00A6545C /* appUITests.swift in Sources */ = {isa = PBXBuildFile; fileRef = C1FD061229A758EC00A6545C /* appUITests.swift */; };
		C1FD061529A758EC00A6545C /* appUITestsLaunchTests.swift in Sources */ = {isa = PBXBuildFile; fileRef = C1FD061429A758EC00A6545C /* appUITestsLaunchTests.swift */; };
		C1FD062529A760EE00A6545C /* User.swift in Sources */ = {isa = PBXBuildFile; fileRef = C1FD062429A760EE00A6545C /* User.swift */; };
		C1FD062829A7619F00A6545C /* Home.swift in Sources */ = {isa = PBXBuildFile; fileRef = C1FD062729A7619F00A6545C /* Home.swift */; };
/* End PBXBuildFile section */

/* Begin PBXContainerItemProxy section */
		C1FD060529A758EB00A6545C /* PBXContainerItemProxy */ = {
			isa = PBXContainerItemProxy;
			containerPortal = C1FD05EC29A758E400A6545C /* Project object */;
			proxyType = 1;
			remoteGlobalIDString = C1FD05F329A758E400A6545C;
			remoteInfo = app;
		};
		C1FD060F29A758EC00A6545C /* PBXContainerItemProxy */ = {
			isa = PBXContainerItemProxy;
			containerPortal = C1FD05EC29A758E400A6545C /* Project object */;
			proxyType = 1;
			remoteGlobalIDString = C1FD05F329A758E400A6545C;
			remoteInfo = app;
		};
/* End PBXContainerItemProxy section */

/* Begin PBXFileReference section */
		C1FD05F429A758E400A6545C /* app.app */ = {isa = PBXFileReference; explicitFileType = wrapper.application; includeInIndex = 0; path = app.app; sourceTree = BUILT_PRODUCTS_DIR; };
		C1FD05F729A758E400A6545C /* appApp.swift */ = {isa = PBXFileReference; lastKnownFileType = sourcecode.swift; path = appApp.swift; sourceTree = "<group>"; };
		C1FD05F929A758E400A6545C /* ContentView.swift */ = {isa = PBXFileReference; lastKnownFileType = sourcecode.swift; path = ContentView.swift; sourceTree = "<group>"; };
		C1FD05FB29A758EB00A6545C /* Assets.xcassets */ = {isa = PBXFileReference; lastKnownFileType = folder.assetcatalog; path = Assets.xcassets; sourceTree = "<group>"; };
		C1FD05FE29A758EB00A6545C /* Preview Assets.xcassets */ = {isa = PBXFileReference; lastKnownFileType = folder.assetcatalog; path = "Preview Assets.xcassets"; sourceTree = "<group>"; };
		C1FD060429A758EB00A6545C /* appTests.xctest */ = {isa = PBXFileReference; explicitFileType = wrapper.cfbundle; includeInIndex = 0; path = appTests.xctest; sourceTree = BUILT_PRODUCTS_DIR; };
		C1FD060829A758EB00A6545C /* appTests.swift */ = {isa = PBXFileReference; lastKnownFileType = sourcecode.swift; path = appTests.swift; sourceTree = "<group>"; };
		C1FD060E29A758EC00A6545C /* appUITests.xctest */ = {isa = PBXFileReference; explicitFileType = wrapper.cfbundle; includeInIndex = 0; path = appUITests.xctest; sourceTree = BUILT_PRODUCTS_DIR; };
		C1FD061229A758EC00A6545C /* appUITests.swift */ = {isa = PBXFileReference; lastKnownFileType = sourcecode.swift; path = appUITests.swift; sourceTree = "<group>"; };
		C1FD061429A758EC00A6545C /* appUITestsLaunchTests.swift */ = {isa = PBXFileReference; lastKnownFileType = sourcecode.swift; path = appUITestsLaunchTests.swift; sourceTree = "<group>"; };
		C1FD062429A760EE00A6545C /* User.swift */ = {isa = PBXFileReference; lastKnownFileType = sourcecode.swift; path = User.swift; sourceTree = "<group>"; };
		C1FD062729A7619F00A6545C /* Home.swift */ = {isa = PBXFileReference; lastKnownFileType = sourcecode.swift; path = Home.swift; sourceTree = "<group>"; };
/* End PBXFileReference section */

/* Begin PBXFrameworksBuildPhase section */
		C1FD05F129A758E400A6545C /* Frameworks */ = {
			isa = PBXFrameworksBuildPhase;
			buildActionMask = 2147483647;
			files = (
			);
			runOnlyForDeploymentPostprocessing = 0;
		};
		C1FD060129A758EB00A6545C /* Frameworks */ = {
			isa = PBXFrameworksBuildPhase;
			buildActionMask = 2147483647;
			files = (
			);
			runOnlyForDeploymentPostprocessing = 0;
		};
		C1FD060B29A758EC00A6545C /* Frameworks */ = {
			isa = PBXFrameworksBuildPhase;
			buildActionMask = 2147483647;
			files = (
			);
			runOnlyForDeploymentPostprocessing = 0;
		};
/* End PBXFrameworksBuildPhase section */

/* Begin PBXGroup section */
		C1FD05EB29A758E400A6545C = {
			isa = PBXGroup;
			children = (
				C1FD05F629A758E400A6545C /* app */,
				C1FD060729A758EB00A6545C /* appTests */,
				C1FD061129A758EC00A6545C /* appUITests */,
				C1FD05F529A758E400A6545C /* Products */,
			);
			sourceTree = "<group>";
		};
		C1FD05F529A758E400A6545C /* Products */ = {
			isa = PBXGroup;
			children = (
				C1FD05F429A758E400A6545C /* app.app */,
				C1FD060429A758EB00A6545C /* appTests.xctest */,
				C1FD060E29A758EC00A6545C /* appUITests.xctest */,
			);
			name = Products;
			sourceTree = "<group>";
		};
		C1FD05F629A758E400A6545C /* app */ = {
			isa = PBXGroup;
			children = (
				C1FD062629A7618200A6545C /* Views */,
				C1FD062329A760CE00A6545C /* Models */,
				C1FD05F729A758E400A6545C /* appApp.swift */,
				C1FD05F929A758E400A6545C /* ContentView.swift */,
				C1FD05FB29A758EB00A6545C /* Assets.xcassets */,
				C1FD05FD29A758EB00A6545C /* Preview Content */,
			);
			path = app;
			sourceTree = "<group>";
		};
		C1FD05FD29A758EB00A6545C /* Preview Content */ = {
			isa = PBXGroup;
			children = (
				C1FD05FE29A758EB00A6545C /* Preview Assets.xcassets */,
			);
			path = "Preview Content";
			sourceTree = "<group>";
		};
		C1FD060729A758EB00A6545C /* appTests */ = {
			isa = PBXGroup;
			children = (
				C1FD060829A758EB00A6545C /* appTests.swift */,
			);
			path = appTests;
			sourceTree = "<group>";
		};
		C1FD061129A758EC00A6545C /* appUITests */ = {
			isa = PBXGroup;
			children = (
				C1FD061229A758EC00A6545C /* appUITests.swift */,
				C1FD061429A758EC00A6545C /* appUITestsLaunchTests.swift */,
			);
			path = appUITests;
			sourceTree = "<group>";
		};
		C1FD062329A760CE00A6545C /* Models */ = {
			isa = PBXGroup;
			children = (
				C1FD062429A760EE00A6545C /* User.swift */,
			);
			path = Models;
			sourceTree = "<group>";
		};
		C1FD062629A7618200A6545C /* Views */ = {
			isa = PBXGroup;
			children = (
				C1FD062729A7619F00A6545C /* Home.swift */,
			);
			path = Views;
			sourceTree = "<group>";
		};
/* End PBXGroup section */

/* Begin PBXNativeTarget section */
		C1FD05F329A758E400A6545C /* app */ = {
			isa = PBXNativeTarget;
			buildConfigurationList = C1FD061829A758EC00A6545C /* Build configuration list for PBXNativeTarget "app" */;
			buildPhases = (
				C1FD05F029A758E400A6545C /* Sources */,
				C1FD05F129A758E400A6545C /* Frameworks */,
				C1FD05F229A758E400A6545C /* Resources */,
			);
			buildRules = (
			);
			dependencies = (
			);
			name = app;
			productName = app;
			productReference = C1FD05F429A758E400A6545C /* app.app */;
			productType = "com.apple.product-type.application";
		};
		C1FD060329A758EB00A6545C /* appTests */ = {
			isa = PBXNativeTarget;
			buildConfigurationList = C1FD061B29A758EC00A6545C /* Build configuration list for PBXNativeTarget "appTests" */;
			buildPhases = (
				C1FD060029A758EB00A6545C /* Sources */,
				C1FD060129A758EB00A6545C /* Frameworks */,
				C1FD060229A758EB00A6545C /* Resources */,
			);
			buildRules = (
			);
			dependencies = (
				C1FD060629A758EB00A6545C /* PBXTargetDependency */,
			);
			name = appTests;
			productName = appTests;
			productReference = C1FD060429A758EB00A6545C /* appTests.xctest */;
			productType = "com.apple.product-type.bundle.unit-test";
		};
		C1FD060D29A758EC00A6545C /* appUITests */ = {
			isa = PBXNativeTarget;
			buildConfigurationList = C1FD061E29A758EC00A6545C /* Build configuration list for PBXNativeTarget "appUITests" */;
			buildPhases = (
				C1FD060A29A758EC00A6545C /* Sources */,
				C1FD060B29A758EC00A6545C /* Frameworks */,
				C1FD060C29A758EC00A6545C /* Resources */,
			);
			buildRules = (
			);
			dependencies = (
				C1FD061029A758EC00A6545C /* PBXTargetDependency */,
			);
			name = appUITests;
			productName = appUITests;
			productReference = C1FD060E29A758EC00A6545C /* appUITests.xctest */;
			productType = "com.apple.product-type.bundle.ui-testing";
		};
/* End PBXNativeTarget section */

/* Begin PBXProject section */
		C1FD05EC29A758E400A6545C /* Project object */ = {
			isa = PBXProject;
			attributes = {
				BuildIndependentTargetsInParallel = 1;
				LastSwiftUpdateCheck = 1420;
				LastUpgradeCheck = 1420;
				TargetAttributes = {
					C1FD05F329A758E400A6545C = {
						CreatedOnToolsVersion = 14.2;
					};
					C1FD060329A758EB00A6545C = {
						CreatedOnToolsVersion = 14.2;
						TestTargetID = C1FD05F329A758E400A6545C;
					};
					C1FD060D29A758EC00A6545C = {
						CreatedOnToolsVersion = 14.2;
						TestTargetID = C1FD05F329A758E400A6545C;
					};
				};
			};
			buildConfigurationList = C1FD05EF29A758E400A6545C /* Build configuration list for PBXProject "app" */;
			compatibilityVersion = "Xcode 14.0";
			developmentRegion = en;
			hasScannedForEncodings = 0;
			knownRegions = (
				en,
				Base,
			);
			mainGroup = C1FD05EB29A758E400A6545C;
			productRefGroup = C1FD05F529A758E400A6545C /* Products */;
			projectDirPath = "";
			projectRoot = "";
			targets = (
				C1FD05F329A758E400A6545C /* app */,
				C1FD060329A758EB00A6545C /* appTests */,
				C1FD060D29A758EC00A6545C /* appUITests */,
			);
		};
/* End PBXProject section */

/* Begin PBXResourcesBuildPhase section */
		C1FD05F229A758E400A6545C /* Resources */ = {
			isa = PBXResourcesBuildPhase;
			buildActionMask = 2147483647;
			files = (
				C1FD05FF29A758EB00A6545C /* Preview Assets.xcassets in Resources */,
				C1FD05FC29A758EB00A6545C /* Assets.xcassets in Resources */,
			);
			runOnlyForDeploymentPostprocessing = 0;
		};
		C1FD060229A758EB00A6545C /* Resources */ = {
			isa = PBXResourcesBuildPhase;
			buildActionMask = 2147483647;
			files = (
			);
			runOnlyForDeploymentPostprocessing = 0;
		};
		C1FD060C29A758EC00A6545C /* Resources */ = {
			isa = PBXResourcesBuildPhase;
			buildActionMask = 2147483647;
			files = (
			);
			runOnlyForDeploymentPostprocessing = 0;
		};
/* End PBXResourcesBuildPhase section */

/* Begin PBXSourcesBuildPhase section */
		C1FD05F029A758E400A6545C /* Sources */ = {
			isa = PBXSourcesBuildPhase;
			buildActionMask = 2147483647;
			files = (
				C1FD05FA29A758E400A6545C /* ContentView.swift in Sources */,
				C1FD05F829A758E400A6545C /* appApp.swift in Sources */,
				C1FD062829A7619F00A6545C /* Home.swift in Sources */,
				C1FD062529A760EE00A6545C /* User.swift in Sources */,
			);
			runOnlyForDeploymentPostprocessing = 0;
		};
		C1FD060029A758EB00A6545C /* Sources */ = {
			isa = PBXSourcesBuildPhase;
			buildActionMask = 2147483647;
			files = (
				C1FD060929A758EB00A6545C /* appTests.swift in Sources */,
			);
			runOnlyForDeploymentPostprocessing = 0;
		};
		C1FD060A29A758EC00A6545C /* Sources */ = {
			isa = PBXSourcesBuildPhase;
			buildActionMask = 2147483647;
			files = (
				C1FD061529A758EC00A6545C /* appUITestsLaunchTests.swift in Sources */,
				C1FD061329A758EC00A6545C /* appUITests.swift in Sources */,
			);
			runOnlyForDeploymentPostprocessing = 0;
		};
/* End PBXSourcesBuildPhase section */

/* Begin PBXTargetDependency section */
		C1FD060629A758EB00A6545C /* PBXTargetDependency */ = {
			isa = PBXTargetDependency;
			target = C1FD05F329A758E400A6545C /* app */;
			targetProxy = C1FD060529A758EB00A6545C /* PBXContainerItemProxy */;
		};
		C1FD061029A758EC00A6545C /* PBXTargetDependency */ = {
			isa = PBXTargetDependency;
			target = C1FD05F329A758E400A6545C /* app */;
			targetProxy = C1FD060F29A758EC00A6545C /* PBXContainerItemProxy */;
		};
/* End PBXTargetDependency section */

/* Begin XCBuildConfiguration section */
		C1FD061629A758EC00A6545C /* Debug */ = {
			isa = XCBuildConfiguration;
			buildSettings = {
				ALWAYS_SEARCH_USER_PATHS = NO;
				CLANG_ANALYZER_NONNULL = YES;
				CLANG_ANALYZER_NUMBER_OBJECT_CONVERSION = YES_AGGRESSIVE;
				CLANG_CXX_LANGUAGE_STANDARD = "gnu++20";
				CLANG_ENABLE_MODULES = YES;
				CLANG_ENABLE_OBJC_ARC = YES;
				CLANG_ENABLE_OBJC_WEAK = YES;
				CLANG_WARN_BLOCK_CAPTURE_AUTORELEASING = YES;
				CLANG_WARN_BOOL_CONVERSION = YES;
				CLANG_WARN_COMMA = YES;
				CLANG_WARN_CONSTANT_CONVERSION = YES;
				CLANG_WARN_DEPRECATED_OBJC_IMPLEMENTATIONS = YES;
				CLANG_WARN_DIRECT_OBJC_ISA_USAGE = YES_ERROR;
				CLANG_WARN_DOCUMENTATION_COMMENTS = YES;
				CLANG_WARN_EMPTY_BODY = YES;
				CLANG_WARN_ENUM_CONVERSION = YES;
				CLANG_WARN_INFINITE_RECURSION = YES;
				CLANG_WARN_INT_CONVERSION = YES;
				CLANG_WARN_NON_LITERAL_NULL_CONVERSION = YES;
				CLANG_WARN_OBJC_IMPLICIT_RETAIN_SELF = YES;
				CLANG_WARN_OBJC_LITERAL_CONVERSION = YES;
				CLANG_WARN_OBJC_ROOT_CLASS = YES_ERROR;
				CLANG_WARN_QUOTED_INCLUDE_IN_FRAMEWORK_HEADER = YES;
				CLANG_WARN_RANGE_LOOP_ANALYSIS = YES;
				CLANG_WARN_STRICT_PROTOTYPES = YES;
				CLANG_WARN_SUSPICIOUS_MOVE = YES;
				CLANG_WARN_UNGUARDED_AVAILABILITY = YES_AGGRESSIVE;
				CLANG_WARN_UNREACHABLE_CODE = YES;
				CLANG_WARN__DUPLICATE_METHOD_MATCH = YES;
				COPY_PHASE_STRIP = NO;
				DEBUG_INFORMATION_FORMAT = dwarf;
				ENABLE_STRICT_OBJC_MSGSEND = YES;
				ENABLE_TESTABILITY = YES;
				GCC_C_LANGUAGE_STANDARD = gnu11;
				GCC_DYNAMIC_NO_PIC = NO;
				GCC_NO_COMMON_BLOCKS = YES;
				GCC_OPTIMIZATION_LEVEL = 0;
				GCC_PREPROCESSOR_DEFINITIONS = (
					"DEBUG=1",
					"$(inherited)",
				);
				GCC_WARN_64_TO_32_BIT_CONVERSION = YES;
				GCC_WARN_ABOUT_RETURN_TYPE = YES_ERROR;
				GCC_WARN_UNDECLARED_SELECTOR = YES;
				GCC_WARN_UNINITIALIZED_AUTOS = YES_AGGRESSIVE;
				GCC_WARN_UNUSED_FUNCTION = YES;
				GCC_WARN_UNUSED_VARIABLE = YES;
				IPHONEOS_DEPLOYMENT_TARGET = 16.2;
				MTL_ENABLE_DEBUG_INFO = INCLUDE_SOURCE;
				MTL_FAST_MATH = YES;
				ONLY_ACTIVE_ARCH = YES;
				SDKROOT = iphoneos;
				SWIFT_ACTIVE_COMPILATION_CONDITIONS = DEBUG;
				SWIFT_OPTIMIZATION_LEVEL = "-Onone";
			};
			name = Debug;
		};
		C1FD061729A758EC00A6545C /* Release */ = {
			isa = XCBuildConfiguration;
			buildSettings = {
				ALWAYS_SEARCH_USER_PATHS = NO;
				CLANG_ANALYZER_NONNULL = YES;
				CLANG_ANALYZER_NUMBER_OBJECT_CONVERSION = YES_AGGRESSIVE;
				CLANG_CXX_LANGUAGE_STANDARD = "gnu++20";
				CLANG_ENABLE_MODULES = YES;
				CLANG_ENABLE_OBJC_ARC = YES;
				CLANG_ENABLE_OBJC_WEAK = YES;
				CLANG_WARN_BLOCK_CAPTURE_AUTORELEASING = YES;
				CLANG_WARN_BOOL_CONVERSION = YES;
				CLANG_WARN_COMMA = YES;
				CLANG_WARN_CONSTANT_CONVERSION = YES;
				CLANG_WARN_DEPRECATED_OBJC_IMPLEMENTATIONS = YES;
				CLANG_WARN_DIRECT_OBJC_ISA_USAGE = YES_ERROR;
				CLANG_WARN_DOCUMENTATION_COMMENTS = YES;
				CLANG_WARN_EMPTY_BODY = YES;
				CLANG_WARN_ENUM_CONVERSION = YES;
				CLANG_WARN_INFINITE_RECURSION = YES;
				CLANG_WARN_INT_CONVERSION = YES;
				CLANG_WARN_NON_LITERAL_NULL_CONVERSION = YES;
				CLANG_WARN_OBJC_IMPLICIT_RETAIN_SELF = YES;
				CLANG_WARN_OBJC_LITERAL_CONVERSION = YES;
				CLANG_WARN_OBJC_ROOT_CLASS = YES_ERROR;
				CLANG_WARN_QUOTED_INCLUDE_IN_FRAMEWORK_HEADER = YES;
				CLANG_WARN_RANGE_LOOP_ANALYSIS = YES;
				CLANG_WARN_STRICT_PROTOTYPES = YES;
				CLANG_WARN_SUSPICIOUS_MOVE = YES;
				CLANG_WARN_UNGUARDED_AVAILABILITY = YES_AGGRESSIVE;
				CLANG_WARN_UNREACHABLE_CODE = YES;
				CLANG_WARN__DUPLICATE_METHOD_MATCH = YES;
				COPY_PHASE_STRIP = NO;
				DEBUG_INFORMATION_FORMAT = "dwarf-with-dsym";
				ENABLE_NS_ASSERTIONS = NO;
				ENABLE_STRICT_OBJC_MSGSEND = YES;
				GCC_C_LANGUAGE_STANDARD = gnu11;
				GCC_NO_COMMON_BLOCKS = YES;
				GCC_WARN_64_TO_32_BIT_CONVERSION = YES;
				GCC_WARN_ABOUT_RETURN_TYPE = YES_ERROR;
				GCC_WARN_UNDECLARED_SELECTOR = YES;
				GCC_WARN_UNINITIALIZED_AUTOS = YES_AGGRESSIVE;
				GCC_WARN_UNUSED_FUNCTION = YES;
				GCC_WARN_UNUSED_VARIABLE = YES;
				IPHONEOS_DEPLOYMENT_TARGET = 16.2;
				MTL_ENABLE_DEBUG_INFO = NO;
				MTL_FAST_MATH = YES;
				SDKROOT = iphoneos;
				SWIFT_COMPILATION_MODE = wholemodule;
				SWIFT_OPTIMIZATION_LEVEL = "-O";
				VALIDATE_PRODUCT = YES;
			};
			name = Release;
		};
		C1FD061929A758EC00A6545C /* Debug */ = {
			isa = XCBuildConfiguration;
			buildSettings = {
				ASSETCATALOG_COMPILER_APPICON_NAME = AppIcon;
				ASSETCATALOG_COMPILER_GLOBAL_ACCENT_COLOR_NAME = AccentColor;
				CODE_SIGN_STYLE = Automatic;
				CURRENT_PROJECT_VERSION = 1;
				DEVELOPMENT_ASSET_PATHS = "\"app/Preview Content\"";
				ENABLE_PREVIEWS = YES;
				GENERATE_INFOPLIST_FILE = YES;
				INFOPLIST_KEY_LSApplicationCategoryType = "public.app-category.shopping";
				INFOPLIST_KEY_UIApplicationSceneManifest_Generation = YES;
				INFOPLIST_KEY_UIApplicationSupportsIndirectInputEvents = YES;
				INFOPLIST_KEY_UILaunchScreen_Generation = YES;
				INFOPLIST_KEY_UIRequiresFullScreen = YES;
				INFOPLIST_KEY_UIStatusBarStyle = UIStatusBarStyleDarkContent;
				INFOPLIST_KEY_UISupportedInterfaceOrientations_iPad = "UIInterfaceOrientationPortrait UIInterfaceOrientationPortraitUpsideDown UIInterfaceOrientationLandscapeLeft UIInterfaceOrientationLandscapeRight";
				INFOPLIST_KEY_UISupportedInterfaceOrientations_iPhone = "UIInterfaceOrientationPortrait UIInterfaceOrientationLandscapeLeft UIInterfaceOrientationLandscapeRight";
				LD_RUNPATH_SEARCH_PATHS = (
					"$(inherited)",
					"@executable_path/Frameworks",
				);
				MARKETING_VERSION = 1.0;
				PRODUCT_BUNDLE_IDENTIFIER = HEEPOKE.app;
				PRODUCT_NAME = "$(TARGET_NAME)";
				SWIFT_EMIT_LOC_STRINGS = YES;
				SWIFT_VERSION = 5.0;
				TARGETED_DEVICE_FAMILY = "1,2";
			};
			name = Debug;
		};
		C1FD061A29A758EC00A6545C /* Release */ = {
			isa = XCBuildConfiguration;
			buildSettings = {
				ASSETCATALOG_COMPILER_APPICON_NAME = AppIcon;
				ASSETCATALOG_COMPILER_GLOBAL_ACCENT_COLOR_NAME = AccentColor;
				CODE_SIGN_STYLE = Automatic;
				CURRENT_PROJECT_VERSION = 1;
				DEVELOPMENT_ASSET_PATHS = "\"app/Preview Content\"";
				ENABLE_PREVIEWS = YES;
				GENERATE_INFOPLIST_FILE = YES;
				INFOPLIST_KEY_LSApplicationCategoryType = "public.app-category.shopping";
				INFOPLIST_KEY_UIApplicationSceneManifest_Generation = YES;
				INFOPLIST_KEY_UIApplicationSupportsIndirectInputEvents = YES;
				INFOPLIST_KEY_UILaunchScreen_Generation = YES;
				INFOPLIST_KEY_UIRequiresFullScreen = YES;
				INFOPLIST_KEY_UIStatusBarStyle = UIStatusBarStyleDarkContent;
				INFOPLIST_KEY_UISupportedInterfaceOrientations_iPad = "UIInterfaceOrientationPortrait UIInterfaceOrientationPortraitUpsideDown UIInterfaceOrientationLandscapeLeft UIInterfaceOrientationLandscapeRight";
				INFOPLIST_KEY_UISupportedInterfaceOrientations_iPhone = "UIInterfaceOrientationPortrait UIInterfaceOrientationLandscapeLeft UIInterfaceOrientationLandscapeRight";
				LD_RUNPATH_SEARCH_PATHS = (
					"$(inherited)",
					"@executable_path/Frameworks",
				);
				MARKETING_VERSION = 1.0;
				PRODUCT_BUNDLE_IDENTIFIER = HEEPOKE.app;
				PRODUCT_NAME = "$(TARGET_NAME)";
				SWIFT_EMIT_LOC_STRINGS = YES;
				SWIFT_VERSION = 5.0;
				TARGETED_DEVICE_FAMILY = "1,2";
			};
			name = Release;
		};
		C1FD061C29A758EC00A6545C /* Debug */ = {
			isa = XCBuildConfiguration;
			buildSettings = {
				ALWAYS_EMBED_SWIFT_STANDARD_LIBRARIES = YES;
				BUNDLE_LOADER = "$(TEST_HOST)";
				CODE_SIGN_STYLE = Automatic;
				CURRENT_PROJECT_VERSION = 1;
				GENERATE_INFOPLIST_FILE = YES;
				IPHONEOS_DEPLOYMENT_TARGET = 16.2;
				MARKETING_VERSION = 1.0;
				PRODUCT_BUNDLE_IDENTIFIER = HEEPOKE.appTests;
				PRODUCT_NAME = "$(TARGET_NAME)";
				SWIFT_EMIT_LOC_STRINGS = NO;
				SWIFT_VERSION = 5.0;
				TARGETED_DEVICE_FAMILY = "1,2";
				TEST_HOST = "$(BUILT_PRODUCTS_DIR)/app.app/$(BUNDLE_EXECUTABLE_FOLDER_PATH)/app";
			};
			name = Debug;
		};
		C1FD061D29A758EC00A6545C /* Release */ = {
			isa = XCBuildConfiguration;
			buildSettings = {
				ALWAYS_EMBED_SWIFT_STANDARD_LIBRARIES = YES;
				BUNDLE_LOADER = "$(TEST_HOST)";
				CODE_SIGN_STYLE = Automatic;
				CURRENT_PROJECT_VERSION = 1;
				GENERATE_INFOPLIST_FILE = YES;
				IPHONEOS_DEPLOYMENT_TARGET = 16.2;
				MARKETING_VERSION = 1.0;
				PRODUCT_BUNDLE_IDENTIFIER = HEEPOKE.appTests;
				PRODUCT_NAME = "$(TARGET_NAME)";
				SWIFT_EMIT_LOC_STRINGS = NO;
				SWIFT_VERSION = 5.0;
				TARGETED_DEVICE_FAMILY = "1,2";
				TEST_HOST = "$(BUILT_PRODUCTS_DIR)/app.app/$(BUNDLE_EXECUTABLE_FOLDER_PATH)/app";
			};
			name = Release;
		};
		C1FD061F29A758EC00A6545C /* Debug */ = {
			isa = XCBuildConfiguration;
			buildSettings = {
				ALWAYS_EMBED_SWIFT_STANDARD_LIBRARIES = YES;
				CODE_SIGN_STYLE = Automatic;
				CURRENT_PROJECT_VERSION = 1;
				GENERATE_INFOPLIST_FILE = YES;
				MARKETING_VERSION = 1.0;
				PRODUCT_BUNDLE_IDENTIFIER = HEEPOKE.appUITests;
				PRODUCT_NAME = "$(TARGET_NAME)";
				SWIFT_EMIT_LOC_STRINGS = NO;
				SWIFT_VERSION = 5.0;
				TARGETED_DEVICE_FAMILY = "1,2";
				TEST_TARGET_NAME = app;
			};
			name = Debug;
		};
		C1FD062029A758EC00A6545C /* Release */ = {
			isa = XCBuildConfiguration;
			buildSettings = {
				ALWAYS_EMBED_SWIFT_STANDARD_LIBRARIES = YES;
				CODE_SIGN_STYLE = Automatic;
				CURRENT_PROJECT_VERSION = 1;
				GENERATE_INFOPLIST_FILE = YES;
				MARKETING_VERSION = 1.0;
				PRODUCT_BUNDLE_IDENTIFIER = HEEPOKE.appUITests;
				PRODUCT_NAME = "$(TARGET_NAME)";
				SWIFT_EMIT_LOC_STRINGS = NO;
				SWIFT_VERSION = 5.0;
				TARGETED_DEVICE_FAMILY = "1,2";
				TEST_TARGET_NAME = app;
			};
			name = Release;
		};
/* End XCBuildConfiguration section */

/* Begin XCConfigurationList section */
		C1FD05EF29A758E400A6545C /* Build configuration list for PBXProject "app" */ = {
			isa = XCConfigurationList;
			buildConfigurations = (
				C1FD061629A758EC00A6545C /* Debug */,
				C1FD061729A758EC00A6545C /* Release */,
			);
			defaultConfigurationIsVisible = 0;
			defaultConfigurationName = Release;
		};
		C1FD061829A758EC00A6545C /* Build configuration list for PBXNativeTarget "app" */ = {
			isa = XCConfigurationList;
			buildConfigurations = (
				C1FD061929A758EC00A6545C /* Debug */,
				C1FD061A29A758EC00A6545C /* Release */,
			);
			defaultConfigurationIsVisible = 0;
			defaultConfigurationName = Release;
		};
		C1FD061B29A758EC00A6545C /* Build configuration list for PBXNativeTarget "appTests" */ = {
			isa = XCConfigurationList;
			buildConfigurations = (
				C1FD061C29A758EC00A6545C /* Debug */,
				C1FD061D29A758EC00A6545C /* Release */,
			);
			defaultConfigurationIsVisible = 0;
			defaultConfigurationName = Release;
		};
		C1FD061E29A758EC00A6545C /* Build configuration list for PBXNativeTarget "appUITests" */ = {
			isa = XCConfigurationList;
			buildConfigurations = (
				C1FD061F29A758EC00A6545C /* Debug */,
				C1FD062029A758EC00A6545C /* Release */,
			);
			defaultConfigurationIsVisible = 0;
			defaultConfigurationName = Release;
		};
/* End XCConfigurationList section */
	};
	rootObject = C1FD05EC29A758E400A6545C /* Project object */;
}
